
Microsoft Visual Studio Solution File, Format Version 12.00
# Visual Studio Version 16
VisualStudioVersion = 16.0.29409.12
MinimumVisualStudioVersion = 10.0.40219.1
Project("{8BC9CEB8-8B4A-11D0-8D11-00A0C91BC942}") = "Multi", "Multi.vcxproj", "{0B977659-69F7-4E46-B6BC-74631A8C9DFC}"
EndProject
Global
	GlobalSection(SolutionConfigurationPlatforms) = preSolution
		Debug|x64 = Debug|x64
		Debug|x86 = Debug|x86
		Release|x64 = Release|x64
		Release|x86 = Release|x86
	EndGlobalSection
	GlobalSection(ProjectConfigurationPlatforms) = postSolution
		{0B977659-69F7-4E46-B6BC-74631A8C9DFC}.Debug|x64.ActiveCfg = Debug|x64
		{0B977659-69F7-4E46-B6BC-74631A8C9DFC}.Debug|x64.Build.0 = Debug|x64
		{0B977659-69F7-4E46-B6BC-74631A8C9DFC}.Debug|x86.ActiveCfg = Debug|Win32
		{0B977659-69F7-4E46-B6BC-74631A8C9DFC}.Debug|x86.Build.0 = Debug|Win32
		{0B977659-69F7-4E46-B6BC-74631A8C9DFC}.Release|x64.ActiveCfg = Release|x64
		{0B977659-69F7-4E46-B6BC-74631A8C9DFC}.Release|x64.Build.0 = Release|x64
		{0B977659-69F7-4E46-B6BC-74631A8C9DFC}.Release|x86.ActiveCfg = Release|Win32
		{0B977659-69F7-4E46-B6BC-74631A8C9DFC}.Release|x86.Build.0 = Release|Win32
	EndGlobalSection
	GlobalSection(SolutionProperties) = preSolution
		HideSolutionNode = FALSE
	EndGlobalSection
	GlobalSection(ExtensibilityGlobals) = postSolution
		SolutionGuid = {93C4E527-5F99-4EBD-AA70-322B8BB46A55}
	EndGlobalSection
EndGlobal
